
Microsoft Visual Studio Solution File, Format Version 12.00
# Visual Studio Version 17
VisualStudioVersion = 17.8.34330.188
MinimumVisualStudioVersion = 10.0.40219.1
Project("{FAE04EC0-301F-11D3-BF4B-00C04F79EFBC}") = "Parcial", "Parcial\Parcial.csproj", "{6C98AB28-74FE-4381-87BC-5B6DE5766509}"
EndProject
Global
	GlobalSection(SolutionConfigurationPlatforms) = preSolution
		Debug|Any CPU = Debug|Any CPU
		Release|Any CPU = Release|Any CPU
	EndGlobalSection
	GlobalSection(ProjectConfigurationPlatforms) = postSolution
		{6C98AB28-74FE-4381-87BC-5B6DE5766509}.Debug|Any CPU.ActiveCfg = Debug|Any CPU
		{6C98AB28-74FE-4381-87BC-5B6DE5766509}.Debug|Any CPU.Build.0 = Debug|Any CPU
		{6C98AB28-74FE-4381-87BC-5B6DE5766509}.Release|Any CPU.ActiveCfg = Release|Any CPU
		{6C98AB28-74FE-4381-87BC-5B6DE5766509}.Release|Any CPU.Build.0 = Release|Any CPU
	EndGlobalSection
	GlobalSection(SolutionProperties) = preSolution
		HideSolutionNode = FALSE
	EndGlobalSection
	GlobalSection(ExtensibilityGlobals) = postSolution
		SolutionGuid = {D022CB0B-474B-45AF-A334-361F2425A3BA}
	EndGlobalSection
EndGlobal
